
Microsoft Visual Studio Solution File, Format Version 12.00
# Visual Studio 2013
VisualStudioVersion = 12.0.21005.1
MinimumVisualStudioVersion = 10.0.40219.1
Project("{2150E333-8FDC-42A3-9474-1A3956D46DE8}") = "Getting Started With ShareCoffee", "Getting Started With ShareCoffee", "{8AD5B068-506E-4147-BEDC-3E04E216CDF2}"
EndProject
Project("{2150E333-8FDC-42A3-9474-1A3956D46DE8}") = "ShareCoffee REST", "ShareCoffee REST", "{46BF12F6-6317-490B-8C08-43B648225514}"
EndProject
Project("{2150E333-8FDC-42A3-9474-1A3956D46DE8}") = "ShareCoffee CrossDomain", "ShareCoffee CrossDomain", "{B8FC210A-1938-4ED8-92F4-2E72EFFE06C9}"
EndProject
Project("{FAE04EC0-301F-11D3-BF4B-00C04F79EFBC}") = "ShareCoffee.PictureBrowser", "ShareCoffee.PictureBrowser\ShareCoffee.PictureBrowser.csproj", "{56400856-B2F2-4240-8C3F-8176C57AC595}"
EndProject
Project("{FAE04EC0-301F-11D3-BF4B-00C04F79EFBC}") = "ShareCoffee.PictureBrowserWeb", "ShareCoffee.PictureBrowserWeb\ShareCoffee.PictureBrowserWeb.csproj", "{52A2E872-F147-49CE-9DEA-821E1CA5469E}"
EndProject
Project("{2150E333-8FDC-42A3-9474-1A3956D46DE8}") = "ShareCoffee.Search", "ShareCoffee.Search", "{16DAAB18-4A10-4579-8F7E-B2DDC8DB0979}"
EndProject
Project("{2150E333-8FDC-42A3-9474-1A3956D46DE8}") = "ShareCoffee.UserProfiles", "ShareCoffee.UserProfiles", "{D41CF90A-F257-4399-9C65-A19672B5CDC4}"
EndProject
Project("{2150E333-8FDC-42A3-9474-1A3956D46DE8}") = "ShareCoffee.AddOn", "ShareCoffee.AddOn", "{6C716CC9-BA33-4A76-BE13-B74FA4E6BA5B}"
EndProject
Project("{FAE04EC0-301F-11D3-BF4B-00C04F79EFBC}") = "GettingStartedWithShareCoffee", "GettingStartedWithShareCoffee\GettingStartedWithShareCoffee.csproj", "{D85AB98D-EB0E-4B19-A80E-820E31B5D8F4}"
EndProject
Project("{FAE04EC0-301F-11D3-BF4B-00C04F79EFBC}") = "ShareCoffee.Search", "ShareCoffee.Search\ShareCoffee.Search.csproj", "{E6383072-0C11-4661-B758-F532FBA4399F}"
EndProject
Project("{FAE04EC0-301F-11D3-BF4B-00C04F79EFBC}") = "ShareCoffee.TaskList", "ShareCoffee.TaskList\ShareCoffee.TaskList.csproj", "{D68BD95D-6192-497D-8E59-12278A72265D}"
EndProject
Project("{FAE04EC0-301F-11D3-BF4B-00C04F79EFBC}") = "ShareCoffee.TaskList.HostWeb", "ShareCoffee.TaskList.HostWeb\ShareCoffee.TaskList.HostWeb.csproj", "{DB35982A-0971-4EBD-8B80-BC10A2AE41BE}"
EndProject
Project("{FAE04EC0-301F-11D3-BF4B-00C04F79EFBC}") = "ShareCoffee.UserProfiles", "ShareCoffee.UserProfiles\ShareCoffee.UserProfiles.csproj", "{0126EFAF-DA63-41C6-BCF1-5206BC08BD93}"
EndProject
Project("{FAE04EC0-301F-11D3-BF4B-00C04F79EFBC}") = "CustomAppWebUrlStore", "CustomAppWebUrlStore\CustomAppWebUrlStore.csproj", "{6B05B990-1757-45B5-95C7-8B666E42B32C}"
EndProject
Project("{FAE04EC0-301F-11D3-BF4B-00C04F79EFBC}") = "CustomAppWebUrlStoreWeb", "CustomAppWebUrlStoreWeb\CustomAppWebUrlStoreWeb.csproj", "{568AA706-B84E-468B-A6E6-40F542F4A141}"
EndProject
Project("{2150E333-8FDC-42A3-9474-1A3956D46DE8}") = "ShareCoffee.UI", "ShareCoffee.UI", "{75DCC01D-8048-4142-9EA3-3FBCE9F5C314}"
EndProject
Project("{FAE04EC0-301F-11D3-BF4B-00C04F79EFBC}") = "ChromeBarSample", "ChromeBarSample\ChromeBarSample.csproj", "{C4A3C0C9-D28F-4C33-8EE9-89578C6FBBE3}"
EndProject
Project("{FAE04EC0-301F-11D3-BF4B-00C04F79EFBC}") = "ChromeBarSampleWeb", "ChromeBarSampleWeb\ChromeBarSampleWeb.csproj", "{9EF4070F-7743-4B84-BAC4-044422699A34}"
EndProject
Global
	GlobalSection(SolutionConfigurationPlatforms) = preSolution
		Debug|Any CPU = Debug|Any CPU
		Release|Any CPU = Release|Any CPU
	EndGlobalSection
	GlobalSection(ProjectConfigurationPlatforms) = postSolution
		{56400856-B2F2-4240-8C3F-8176C57AC595}.Debug|Any CPU.ActiveCfg = Debug|Any CPU
		{56400856-B2F2-4240-8C3F-8176C57AC595}.Debug|Any CPU.Build.0 = Debug|Any CPU
		{56400856-B2F2-4240-8C3F-8176C57AC595}.Debug|Any CPU.Deploy.0 = Debug|Any CPU
		{56400856-B2F2-4240-8C3F-8176C57AC595}.Release|Any CPU.ActiveCfg = Release|Any CPU
		{56400856-B2F2-4240-8C3F-8176C57AC595}.Release|Any CPU.Build.0 = Release|Any CPU
		{56400856-B2F2-4240-8C3F-8176C57AC595}.Release|Any CPU.Deploy.0 = Release|Any CPU
		{52A2E872-F147-49CE-9DEA-821E1CA5469E}.Debug|Any CPU.ActiveCfg = Debug|Any CPU
		{52A2E872-F147-49CE-9DEA-821E1CA5469E}.Debug|Any CPU.Build.0 = Debug|Any CPU
		{52A2E872-F147-49CE-9DEA-821E1CA5469E}.Release|Any CPU.ActiveCfg = Release|Any CPU
		{52A2E872-F147-49CE-9DEA-821E1CA5469E}.Release|Any CPU.Build.0 = Release|Any CPU
		{D85AB98D-EB0E-4B19-A80E-820E31B5D8F4}.Debug|Any CPU.ActiveCfg = Debug|Any CPU
		{D85AB98D-EB0E-4B19-A80E-820E31B5D8F4}.Debug|Any CPU.Build.0 = Debug|Any CPU
		{D85AB98D-EB0E-4B19-A80E-820E31B5D8F4}.Debug|Any CPU.Deploy.0 = Debug|Any CPU
		{D85AB98D-EB0E-4B19-A80E-820E31B5D8F4}.Release|Any CPU.ActiveCfg = Release|Any CPU
		{D85AB98D-EB0E-4B19-A80E-820E31B5D8F4}.Release|Any CPU.Build.0 = Release|Any CPU
		{D85AB98D-EB0E-4B19-A80E-820E31B5D8F4}.Release|Any CPU.Deploy.0 = Release|Any CPU
		{E6383072-0C11-4661-B758-F532FBA4399F}.Debug|Any CPU.ActiveCfg = Debug|Any CPU
		{E6383072-0C11-4661-B758-F532FBA4399F}.Debug|Any CPU.Build.0 = Debug|Any CPU
		{E6383072-0C11-4661-B758-F532FBA4399F}.Debug|Any CPU.Deploy.0 = Debug|Any CPU
		{E6383072-0C11-4661-B758-F532FBA4399F}.Release|Any CPU.ActiveCfg = Release|Any CPU
		{E6383072-0C11-4661-B758-F532FBA4399F}.Release|Any CPU.Build.0 = Release|Any CPU
		{E6383072-0C11-4661-B758-F532FBA4399F}.Release|Any CPU.Deploy.0 = Release|Any CPU
		{D68BD95D-6192-497D-8E59-12278A72265D}.Debug|Any CPU.ActiveCfg = Debug|Any CPU
		{D68BD95D-6192-497D-8E59-12278A72265D}.Debug|Any CPU.Build.0 = Debug|Any CPU
		{D68BD95D-6192-497D-8E59-12278A72265D}.Debug|Any CPU.Deploy.0 = Debug|Any CPU
		{D68BD95D-6192-497D-8E59-12278A72265D}.Release|Any CPU.ActiveCfg = Release|Any CPU
		{D68BD95D-6192-497D-8E59-12278A72265D}.Release|Any CPU.Build.0 = Release|Any CPU
		{D68BD95D-6192-497D-8E59-12278A72265D}.Release|Any CPU.Deploy.0 = Release|Any CPU
		{DB35982A-0971-4EBD-8B80-BC10A2AE41BE}.Debug|Any CPU.ActiveCfg = Debug|Any CPU
		{DB35982A-0971-4EBD-8B80-BC10A2AE41BE}.Debug|Any CPU.Build.0 = Debug|Any CPU
		{DB35982A-0971-4EBD-8B80-BC10A2AE41BE}.Debug|Any CPU.Deploy.0 = Debug|Any CPU
		{DB35982A-0971-4EBD-8B80-BC10A2AE41BE}.Release|Any CPU.ActiveCfg = Release|Any CPU
		{DB35982A-0971-4EBD-8B80-BC10A2AE41BE}.Release|Any CPU.Build.0 = Release|Any CPU
		{DB35982A-0971-4EBD-8B80-BC10A2AE41BE}.Release|Any CPU.Deploy.0 = Release|Any CPU
		{0126EFAF-DA63-41C6-BCF1-5206BC08BD93}.Debug|Any CPU.ActiveCfg = Debug|Any CPU
		{0126EFAF-DA63-41C6-BCF1-5206BC08BD93}.Debug|Any CPU.Build.0 = Debug|Any CPU
		{0126EFAF-DA63-41C6-BCF1-5206BC08BD93}.Debug|Any CPU.Deploy.0 = Debug|Any CPU
		{0126EFAF-DA63-41C6-BCF1-5206BC08BD93}.Release|Any CPU.ActiveCfg = Release|Any CPU
		{0126EFAF-DA63-41C6-BCF1-5206BC08BD93}.Release|Any CPU.Build.0 = Release|Any CPU
		{0126EFAF-DA63-41C6-BCF1-5206BC08BD93}.Release|Any CPU.Deploy.0 = Release|Any CPU
		{6B05B990-1757-45B5-95C7-8B666E42B32C}.Debug|Any CPU.ActiveCfg = Debug|Any CPU
		{6B05B990-1757-45B5-95C7-8B666E42B32C}.Debug|Any CPU.Build.0 = Debug|Any CPU
		{6B05B990-1757-45B5-95C7-8B666E42B32C}.Debug|Any CPU.Deploy.0 = Debug|Any CPU
		{6B05B990-1757-45B5-95C7-8B666E42B32C}.Release|Any CPU.ActiveCfg = Release|Any CPU
		{6B05B990-1757-45B5-95C7-8B666E42B32C}.Release|Any CPU.Build.0 = Release|Any CPU
		{6B05B990-1757-45B5-95C7-8B666E42B32C}.Release|Any CPU.Deploy.0 = Release|Any CPU
		{568AA706-B84E-468B-A6E6-40F542F4A141}.Debug|Any CPU.ActiveCfg = Debug|Any CPU
		{568AA706-B84E-468B-A6E6-40F542F4A141}.Debug|Any CPU.Build.0 = Debug|Any CPU
		{568AA706-B84E-468B-A6E6-40F542F4A141}.Release|Any CPU.ActiveCfg = Release|Any CPU
		{568AA706-B84E-468B-A6E6-40F542F4A141}.Release|Any CPU.Build.0 = Release|Any CPU
		{C4A3C0C9-D28F-4C33-8EE9-89578C6FBBE3}.Debug|Any CPU.ActiveCfg = Debug|Any CPU
		{C4A3C0C9-D28F-4C33-8EE9-89578C6FBBE3}.Debug|Any CPU.Build.0 = Debug|Any CPU
		{C4A3C0C9-D28F-4C33-8EE9-89578C6FBBE3}.Debug|Any CPU.Deploy.0 = Debug|Any CPU
		{C4A3C0C9-D28F-4C33-8EE9-89578C6FBBE3}.Release|Any CPU.ActiveCfg = Release|Any CPU
		{C4A3C0C9-D28F-4C33-8EE9-89578C6FBBE3}.Release|Any CPU.Build.0 = Release|Any CPU
		{C4A3C0C9-D28F-4C33-8EE9-89578C6FBBE3}.Release|Any CPU.Deploy.0 = Release|Any CPU
		{9EF4070F-7743-4B84-BAC4-044422699A34}.Debug|Any CPU.ActiveCfg = Debug|Any CPU
		{9EF4070F-7743-4B84-BAC4-044422699A34}.Debug|Any CPU.Build.0 = Debug|Any CPU
		{9EF4070F-7743-4B84-BAC4-044422699A34}.Release|Any CPU.ActiveCfg = Release|Any CPU
		{9EF4070F-7743-4B84-BAC4-044422699A34}.Release|Any CPU.Build.0 = Release|Any CPU
	EndGlobalSection
	GlobalSection(SolutionProperties) = preSolution
		HideSolutionNode = FALSE
	EndGlobalSection
	GlobalSection(NestedProjects) = preSolution
		{D85AB98D-EB0E-4B19-A80E-820E31B5D8F4} = {8AD5B068-506E-4147-BEDC-3E04E216CDF2}
		{6B05B990-1757-45B5-95C7-8B666E42B32C} = {8AD5B068-506E-4147-BEDC-3E04E216CDF2}
		{568AA706-B84E-468B-A6E6-40F542F4A141} = {8AD5B068-506E-4147-BEDC-3E04E216CDF2}
		{D68BD95D-6192-497D-8E59-12278A72265D} = {46BF12F6-6317-490B-8C08-43B648225514}
		{DB35982A-0971-4EBD-8B80-BC10A2AE41BE} = {46BF12F6-6317-490B-8C08-43B648225514}
		{56400856-B2F2-4240-8C3F-8176C57AC595} = {B8FC210A-1938-4ED8-92F4-2E72EFFE06C9}
		{52A2E872-F147-49CE-9DEA-821E1CA5469E} = {B8FC210A-1938-4ED8-92F4-2E72EFFE06C9}
		{E6383072-0C11-4661-B758-F532FBA4399F} = {16DAAB18-4A10-4579-8F7E-B2DDC8DB0979}
		{0126EFAF-DA63-41C6-BCF1-5206BC08BD93} = {D41CF90A-F257-4399-9C65-A19672B5CDC4}
		{C4A3C0C9-D28F-4C33-8EE9-89578C6FBBE3} = {75DCC01D-8048-4142-9EA3-3FBCE9F5C314}
		{9EF4070F-7743-4B84-BAC4-044422699A34} = {75DCC01D-8048-4142-9EA3-3FBCE9F5C314}
	EndGlobalSection
EndGlobal
