
Microsoft Visual Studio Solution File, Format Version 12.00
# Visual Studio 2013
VisualStudioVersion = 12.0.21005.1
MinimumVisualStudioVersion = 10.0.40219.1
Project("{FAE04EC0-301F-11D3-BF4B-00C04F79EFBC}") = "GettingStartedWithShareCoffee", "GettingStartedWithShareCoffee.csproj", "{D85AB98D-EB0E-4B19-A80E-820E31B5D8F4}"
EndProject
Project("{FAE04EC0-301F-11D3-BF4B-00C04F79EFBC}") = "ShareCoffee.TaskList", "..\ShareCoffee.TaskList\ShareCoffee.TaskList.csproj", "{D68BD95D-6192-497D-8E59-12278A72265D}"
EndProject
Project("{FAE04EC0-301F-11D3-BF4B-00C04F79EFBC}") = "ShareCoffee.TaskList.HostWeb", "..\ShareCoffee.TaskList.HostWeb\ShareCoffee.TaskList.HostWeb.csproj", "{DB35982A-0971-4EBD-8B80-BC10A2AE41BE}"
EndProject
Project("{2150E333-8FDC-42A3-9474-1A3956D46DE8}") = "Getting Started With ShareCoffee", "Getting Started With ShareCoffee", "{8AD5B068-506E-4147-BEDC-3E04E216CDF2}"
EndProject
Project("{2150E333-8FDC-42A3-9474-1A3956D46DE8}") = "ShareCoffee REST", "ShareCoffee REST", "{46BF12F6-6317-490B-8C08-43B648225514}"
EndProject
Project("{2150E333-8FDC-42A3-9474-1A3956D46DE8}") = "ShareCoffee CrossDomain", "ShareCoffee CrossDomain", "{B8FC210A-1938-4ED8-92F4-2E72EFFE06C9}"
EndProject
Project("{FAE04EC0-301F-11D3-BF4B-00C04F79EFBC}") = "ShareCoffee.PictureBrowser", "ShareCoffee.PictureBrowser\ShareCoffee.PictureBrowser.csproj", "{56400856-B2F2-4240-8C3F-8176C57AC595}"
EndProject
Project("{FAE04EC0-301F-11D3-BF4B-00C04F79EFBC}") = "ShareCoffee.PictureBrowserWeb", "ShareCoffee.PictureBrowserWeb\ShareCoffee.PictureBrowserWeb.csproj", "{52A2E872-F147-49CE-9DEA-821E1CA5469E}"
EndProject
Global
	GlobalSection(SolutionConfigurationPlatforms) = preSolution
		Debug|Any CPU = Debug|Any CPU
		Release|Any CPU = Release|Any CPU
	EndGlobalSection
	GlobalSection(ProjectConfigurationPlatforms) = postSolution
		{D85AB98D-EB0E-4B19-A80E-820E31B5D8F4}.Debug|Any CPU.ActiveCfg = Debug|Any CPU
		{D85AB98D-EB0E-4B19-A80E-820E31B5D8F4}.Debug|Any CPU.Build.0 = Debug|Any CPU
		{D85AB98D-EB0E-4B19-A80E-820E31B5D8F4}.Debug|Any CPU.Deploy.0 = Debug|Any CPU
		{D85AB98D-EB0E-4B19-A80E-820E31B5D8F4}.Release|Any CPU.ActiveCfg = Release|Any CPU
		{D85AB98D-EB0E-4B19-A80E-820E31B5D8F4}.Release|Any CPU.Build.0 = Release|Any CPU
		{D85AB98D-EB0E-4B19-A80E-820E31B5D8F4}.Release|Any CPU.Deploy.0 = Release|Any CPU
		{D68BD95D-6192-497D-8E59-12278A72265D}.Debug|Any CPU.ActiveCfg = Debug|Any CPU
		{D68BD95D-6192-497D-8E59-12278A72265D}.Debug|Any CPU.Build.0 = Debug|Any CPU
		{D68BD95D-6192-497D-8E59-12278A72265D}.Debug|Any CPU.Deploy.0 = Debug|Any CPU
		{D68BD95D-6192-497D-8E59-12278A72265D}.Release|Any CPU.ActiveCfg = Release|Any CPU
		{D68BD95D-6192-497D-8E59-12278A72265D}.Release|Any CPU.Build.0 = Release|Any CPU
		{D68BD95D-6192-497D-8E59-12278A72265D}.Release|Any CPU.Deploy.0 = Release|Any CPU
		{DB35982A-0971-4EBD-8B80-BC10A2AE41BE}.Debug|Any CPU.ActiveCfg = Debug|Any CPU
		{DB35982A-0971-4EBD-8B80-BC10A2AE41BE}.Debug|Any CPU.Build.0 = Debug|Any CPU
		{DB35982A-0971-4EBD-8B80-BC10A2AE41BE}.Debug|Any CPU.Deploy.0 = Debug|Any CPU
		{DB35982A-0971-4EBD-8B80-BC10A2AE41BE}.Release|Any CPU.ActiveCfg = Release|Any CPU
		{DB35982A-0971-4EBD-8B80-BC10A2AE41BE}.Release|Any CPU.Build.0 = Release|Any CPU
		{DB35982A-0971-4EBD-8B80-BC10A2AE41BE}.Release|Any CPU.Deploy.0 = Release|Any CPU
		{56400856-B2F2-4240-8C3F-8176C57AC595}.Debug|Any CPU.ActiveCfg = Debug|Any CPU
		{56400856-B2F2-4240-8C3F-8176C57AC595}.Debug|Any CPU.Build.0 = Debug|Any CPU
		{56400856-B2F2-4240-8C3F-8176C57AC595}.Debug|Any CPU.Deploy.0 = Debug|Any CPU
		{56400856-B2F2-4240-8C3F-8176C57AC595}.Release|Any CPU.ActiveCfg = Release|Any CPU
		{56400856-B2F2-4240-8C3F-8176C57AC595}.Release|Any CPU.Build.0 = Release|Any CPU
		{56400856-B2F2-4240-8C3F-8176C57AC595}.Release|Any CPU.Deploy.0 = Release|Any CPU
		{52A2E872-F147-49CE-9DEA-821E1CA5469E}.Debug|Any CPU.ActiveCfg = Debug|Any CPU
		{52A2E872-F147-49CE-9DEA-821E1CA5469E}.Debug|Any CPU.Build.0 = Debug|Any CPU
		{52A2E872-F147-49CE-9DEA-821E1CA5469E}.Release|Any CPU.ActiveCfg = Release|Any CPU
		{52A2E872-F147-49CE-9DEA-821E1CA5469E}.Release|Any CPU.Build.0 = Release|Any CPU
	EndGlobalSection
	GlobalSection(SolutionProperties) = preSolution
		HideSolutionNode = FALSE
	EndGlobalSection
	GlobalSection(NestedProjects) = preSolution
		{D85AB98D-EB0E-4B19-A80E-820E31B5D8F4} = {8AD5B068-506E-4147-BEDC-3E04E216CDF2}
		{D68BD95D-6192-497D-8E59-12278A72265D} = {46BF12F6-6317-490B-8C08-43B648225514}
		{DB35982A-0971-4EBD-8B80-BC10A2AE41BE} = {46BF12F6-6317-490B-8C08-43B648225514}
		{56400856-B2F2-4240-8C3F-8176C57AC595} = {B8FC210A-1938-4ED8-92F4-2E72EFFE06C9}
		{52A2E872-F147-49CE-9DEA-821E1CA5469E} = {B8FC210A-1938-4ED8-92F4-2E72EFFE06C9}
	EndGlobalSection
EndGlobal
