
Microsoft Visual Studio Solution File, Format Version 12.00
# Visual Studio 2013
VisualStudioVersion = 12.0.21005.1
MinimumVisualStudioVersion = 10.0.40219.1
Project("{FAE04EC0-301F-11D3-BF4B-00C04F79EFBC}") = "GettingStartedWithShareCoffee", "GettingStartedWithShareCoffee.csproj", "{D85AB98D-EB0E-4B19-A80E-820E31B5D8F4}"
EndProject
Project("{FAE04EC0-301F-11D3-BF4B-00C04F79EFBC}") = "ShareCoffee.TaskList", "..\ShareCoffee.TaskList\ShareCoffee.TaskList.csproj", "{D68BD95D-6192-497D-8E59-12278A72265D}"
EndProject
Global
	GlobalSection(SolutionConfigurationPlatforms) = preSolution
		Debug|Any CPU = Debug|Any CPU
		Release|Any CPU = Release|Any CPU
	EndGlobalSection
	GlobalSection(ProjectConfigurationPlatforms) = postSolution
		{D85AB98D-EB0E-4B19-A80E-820E31B5D8F4}.Debug|Any CPU.ActiveCfg = Debug|Any CPU
		{D85AB98D-EB0E-4B19-A80E-820E31B5D8F4}.Debug|Any CPU.Build.0 = Debug|Any CPU
		{D85AB98D-EB0E-4B19-A80E-820E31B5D8F4}.Debug|Any CPU.Deploy.0 = Debug|Any CPU
		{D85AB98D-EB0E-4B19-A80E-820E31B5D8F4}.Release|Any CPU.ActiveCfg = Release|Any CPU
		{D85AB98D-EB0E-4B19-A80E-820E31B5D8F4}.Release|Any CPU.Build.0 = Release|Any CPU
		{D85AB98D-EB0E-4B19-A80E-820E31B5D8F4}.Release|Any CPU.Deploy.0 = Release|Any CPU
		{D68BD95D-6192-497D-8E59-12278A72265D}.Debug|Any CPU.ActiveCfg = Debug|Any CPU
		{D68BD95D-6192-497D-8E59-12278A72265D}.Debug|Any CPU.Build.0 = Debug|Any CPU
		{D68BD95D-6192-497D-8E59-12278A72265D}.Debug|Any CPU.Deploy.0 = Debug|Any CPU
		{D68BD95D-6192-497D-8E59-12278A72265D}.Release|Any CPU.ActiveCfg = Release|Any CPU
		{D68BD95D-6192-497D-8E59-12278A72265D}.Release|Any CPU.Build.0 = Release|Any CPU
		{D68BD95D-6192-497D-8E59-12278A72265D}.Release|Any CPU.Deploy.0 = Release|Any CPU
	EndGlobalSection
	GlobalSection(SolutionProperties) = preSolution
		HideSolutionNode = FALSE
	EndGlobalSection
EndGlobal
